
Microsoft Visual Studio Solution File, Format Version 12.00
# Visual Studio 15
VisualStudioVersion = 15.0.28010.2046
MinimumVisualStudioVersion = 10.0.40219.1
Project("{8BC9CEB8-8B4A-11D0-8D11-00A0C91BC942}") = "calculator2", "calculator2\calculator2.vcxproj", "{9B554879-9D28-4820-BC27-13CE2404D65A}"
EndProject
Global
	GlobalSection(SolutionConfigurationPlatforms) = preSolution
		Debug|x64 = Debug|x64
		Debug|x86 = Debug|x86
		Release|x64 = Release|x64
		Release|x86 = Release|x86
	EndGlobalSection
	GlobalSection(ProjectConfigurationPlatforms) = postSolution
		{9B554879-9D28-4820-BC27-13CE2404D65A}.Debug|x64.ActiveCfg = Debug|x64
		{9B554879-9D28-4820-BC27-13CE2404D65A}.Debug|x64.Build.0 = Debug|x64
		{9B554879-9D28-4820-BC27-13CE2404D65A}.Debug|x86.ActiveCfg = Debug|Win32
		{9B554879-9D28-4820-BC27-13CE2404D65A}.Debug|x86.Build.0 = Debug|Win32
		{9B554879-9D28-4820-BC27-13CE2404D65A}.Release|x64.ActiveCfg = Release|x64
		{9B554879-9D28-4820-BC27-13CE2404D65A}.Release|x64.Build.0 = Release|x64
		{9B554879-9D28-4820-BC27-13CE2404D65A}.Release|x86.ActiveCfg = Release|Win32
		{9B554879-9D28-4820-BC27-13CE2404D65A}.Release|x86.Build.0 = Release|Win32
	EndGlobalSection
	GlobalSection(SolutionProperties) = preSolution
		HideSolutionNode = FALSE
	EndGlobalSection
	GlobalSection(ExtensibilityGlobals) = postSolution
		SolutionGuid = {5091BDCC-B4B0-4962-9C8A-534626408818}
	EndGlobalSection
EndGlobal
